
Microsoft Visual Studio Solution File, Format Version 12.00
# Visual Studio Version 17
VisualStudioVersion = 17.5.33530.505
MinimumVisualStudioVersion = 10.0.40219.1
Project("{FAE04EC0-301F-11D3-BF4B-00C04F79EFBC}") = "App_Nhap_A&B", "App_Nhap_A&B\App_Nhap_A&B.csproj", "{D3A15358-4FB8-45E2-A06A-F10724F73983}"
EndProject
Global
	GlobalSection(SolutionConfigurationPlatforms) = preSolution
		Debug|Any CPU = Debug|Any CPU
		Release|Any CPU = Release|Any CPU
	EndGlobalSection
	GlobalSection(ProjectConfigurationPlatforms) = postSolution
		{D3A15358-4FB8-45E2-A06A-F10724F73983}.Debug|Any CPU.ActiveCfg = Debug|Any CPU
		{D3A15358-4FB8-45E2-A06A-F10724F73983}.Debug|Any CPU.Build.0 = Debug|Any CPU
		{D3A15358-4FB8-45E2-A06A-F10724F73983}.Release|Any CPU.ActiveCfg = Release|Any CPU
		{D3A15358-4FB8-45E2-A06A-F10724F73983}.Release|Any CPU.Build.0 = Release|Any CPU
	EndGlobalSection
	GlobalSection(SolutionProperties) = preSolution
		HideSolutionNode = FALSE
	EndGlobalSection
	GlobalSection(ExtensibilityGlobals) = postSolution
		SolutionGuid = {FC1C20C5-B52F-407F-B548-E04A59BA6A83}
	EndGlobalSection
EndGlobal
